{
  "name": "social_game_calculator",
  "version": "1.0.0",
  "lockfileVersion": 1,
  "requires": true,
  "dependencies": {
    "v8n": {
      "version": "1.3.3",
      "resolved": "https://registry.npmjs.org/v8n/-/v8n-1.3.3.tgz",
      "integrity": "sha512-5w0/blXdz5idt+TJj72Vs69HcRYDARRWFami3bj7TLx8qvOVpyL3D3wdnXVrPLWvSApfVe2vBV54V16QYVlJnA=="
    }
  }
}
